
Microsoft Visual Studio Solution File, Format Version 12.00
# Visual Studio Version 17
VisualStudioVersion = 17.11.35312.102
MinimumVisualStudioVersion = 10.0.40219.1
Project("{9A19103F-16F7-4668-BE54-9A1E7A4F7556}") = "Studying", "Studying\Studying.csproj", "{25009D6B-2D16-4218-BA9C-540E74A54D25}"
EndProject
Project("{2150E333-8FDC-42A3-9474-1A3956D46DE8}") = "Chapter10", "Chapter10", "{DCA18392-8977-42E9-9612-67750CB4AA18}"
EndProject
Project("{9A19103F-16F7-4668-BE54-9A1E7A4F7556}") = "WorkinWithEFCore", "WorkinWithEFCore\WorkinWithEFCore.csproj", "{7D9C36E3-ACA2-419F-A607-75AAA8A40AD3}"
EndProject
Project("{9A19103F-16F7-4668-BE54-9A1E7A4F7556}") = "CoursesAndStudents", "CoursesAndStudents\CoursesAndStudents.csproj", "{69397172-0BC7-4381-8C45-8B84961CD6F5}"
EndProject
Project("{9A19103F-16F7-4668-BE54-9A1E7A4F7556}") = "Exercise02", "Exercise02\Exercise02.csproj", "{2A58A329-EA19-424A-A61E-98A828D636BE}"
EndProject
Project("{2150E333-8FDC-42A3-9474-1A3956D46DE8}") = "Chapter11", "Chapter11", "{488811B1-4B76-44C1-8008-78ABA17F8726}"
EndProject
Project("{9A19103F-16F7-4668-BE54-9A1E7A4F7556}") = "LinqWithObjects", "LinqWithObjects\LinqWithObjects.csproj", "{C04D3158-3549-4D19-9811-261FF95C5B20}"
EndProject
Project("{9A19103F-16F7-4668-BE54-9A1E7A4F7556}") = "LinqWithEFCore", "LinqWithEFCore\LinqWithEFCore.csproj", "{B187C450-CA42-4560-85F7-7D9932D3F91E}"
EndProject
Project("{9A19103F-16F7-4668-BE54-9A1E7A4F7556}") = "Exercise11.2", "Exercise11.2\Exercise11.2.csproj", "{CFEE864F-35A2-4924-9753-FE5DD257A302}"
EndProject
Project("{2150E333-8FDC-42A3-9474-1A3956D46DE8}") = "Chapter12", "Chapter12", "{3F12D4BC-2046-4543-A44F-14C3713E1B26}"
EndProject
Project("{9A19103F-16F7-4668-BE54-9A1E7A4F7556}") = "MonitoringLib", "MonitoringLib\MonitoringLib.csproj", "{6E3603FC-4C30-4A32-9F97-3BFB20DF571B}"
EndProject
Project("{9A19103F-16F7-4668-BE54-9A1E7A4F7556}") = "MonitoringApp", "MonitoringApp\MonitoringApp.csproj", "{B7F84084-0BBC-4E18-8C6D-D54D1D16191C}"
EndProject
Project("{9A19103F-16F7-4668-BE54-9A1E7A4F7556}") = "WorkingWithTasks", "WorkingWithTasks\WorkingWithTasks.csproj", "{146975FC-416D-49BF-BE1D-712E847C4BD8}"
EndProject
Project("{9A19103F-16F7-4668-BE54-9A1E7A4F7556}") = "NestedAndChildrenTasks", "NestedAndChildrenTasks\NestedAndChildrenTasks.csproj", "{795CF2D5-CF9D-4D03-89B4-27137CEF5004}"
EndProject
Project("{9A19103F-16F7-4668-BE54-9A1E7A4F7556}") = "AsyncConsole", "AsyncConsole\AsyncConsole.csproj", "{85830936-88D9-4D7A-B6D1-2F47993BC962}"
EndProject
Project("{FAE04EC0-301F-11D3-BF4B-00C04F79EFBC}") = "AsyncEnumerable", "AsyncEnumerable\AsyncEnumerable.csproj", "{BE03C23A-4FB9-4B87-A4F5-AFB02719D865}"
EndProject
Global
	GlobalSection(SolutionConfigurationPlatforms) = preSolution
		Debug|Any CPU = Debug|Any CPU
		Release|Any CPU = Release|Any CPU
	EndGlobalSection
	GlobalSection(ProjectConfigurationPlatforms) = postSolution
		{25009D6B-2D16-4218-BA9C-540E74A54D25}.Debug|Any CPU.ActiveCfg = Debug|Any CPU
		{25009D6B-2D16-4218-BA9C-540E74A54D25}.Debug|Any CPU.Build.0 = Debug|Any CPU
		{25009D6B-2D16-4218-BA9C-540E74A54D25}.Release|Any CPU.ActiveCfg = Release|Any CPU
		{25009D6B-2D16-4218-BA9C-540E74A54D25}.Release|Any CPU.Build.0 = Release|Any CPU
		{7D9C36E3-ACA2-419F-A607-75AAA8A40AD3}.Debug|Any CPU.ActiveCfg = Debug|Any CPU
		{7D9C36E3-ACA2-419F-A607-75AAA8A40AD3}.Debug|Any CPU.Build.0 = Debug|Any CPU
		{7D9C36E3-ACA2-419F-A607-75AAA8A40AD3}.Release|Any CPU.ActiveCfg = Release|Any CPU
		{7D9C36E3-ACA2-419F-A607-75AAA8A40AD3}.Release|Any CPU.Build.0 = Release|Any CPU
		{69397172-0BC7-4381-8C45-8B84961CD6F5}.Debug|Any CPU.ActiveCfg = Debug|Any CPU
		{69397172-0BC7-4381-8C45-8B84961CD6F5}.Debug|Any CPU.Build.0 = Debug|Any CPU
		{69397172-0BC7-4381-8C45-8B84961CD6F5}.Release|Any CPU.ActiveCfg = Release|Any CPU
		{69397172-0BC7-4381-8C45-8B84961CD6F5}.Release|Any CPU.Build.0 = Release|Any CPU
		{2A58A329-EA19-424A-A61E-98A828D636BE}.Debug|Any CPU.ActiveCfg = Debug|Any CPU
		{2A58A329-EA19-424A-A61E-98A828D636BE}.Debug|Any CPU.Build.0 = Debug|Any CPU
		{2A58A329-EA19-424A-A61E-98A828D636BE}.Release|Any CPU.ActiveCfg = Release|Any CPU
		{2A58A329-EA19-424A-A61E-98A828D636BE}.Release|Any CPU.Build.0 = Release|Any CPU
		{C04D3158-3549-4D19-9811-261FF95C5B20}.Debug|Any CPU.ActiveCfg = Debug|Any CPU
		{C04D3158-3549-4D19-9811-261FF95C5B20}.Debug|Any CPU.Build.0 = Debug|Any CPU
		{C04D3158-3549-4D19-9811-261FF95C5B20}.Release|Any CPU.ActiveCfg = Release|Any CPU
		{C04D3158-3549-4D19-9811-261FF95C5B20}.Release|Any CPU.Build.0 = Release|Any CPU
		{B187C450-CA42-4560-85F7-7D9932D3F91E}.Debug|Any CPU.ActiveCfg = Debug|Any CPU
		{B187C450-CA42-4560-85F7-7D9932D3F91E}.Debug|Any CPU.Build.0 = Debug|Any CPU
		{B187C450-CA42-4560-85F7-7D9932D3F91E}.Release|Any CPU.ActiveCfg = Release|Any CPU
		{B187C450-CA42-4560-85F7-7D9932D3F91E}.Release|Any CPU.Build.0 = Release|Any CPU
		{CFEE864F-35A2-4924-9753-FE5DD257A302}.Debug|Any CPU.ActiveCfg = Debug|Any CPU
		{CFEE864F-35A2-4924-9753-FE5DD257A302}.Debug|Any CPU.Build.0 = Debug|Any CPU
		{CFEE864F-35A2-4924-9753-FE5DD257A302}.Release|Any CPU.ActiveCfg = Release|Any CPU
		{CFEE864F-35A2-4924-9753-FE5DD257A302}.Release|Any CPU.Build.0 = Release|Any CPU
		{6E3603FC-4C30-4A32-9F97-3BFB20DF571B}.Debug|Any CPU.ActiveCfg = Debug|Any CPU
		{6E3603FC-4C30-4A32-9F97-3BFB20DF571B}.Debug|Any CPU.Build.0 = Debug|Any CPU
		{6E3603FC-4C30-4A32-9F97-3BFB20DF571B}.Release|Any CPU.ActiveCfg = Release|Any CPU
		{6E3603FC-4C30-4A32-9F97-3BFB20DF571B}.Release|Any CPU.Build.0 = Release|Any CPU
		{B7F84084-0BBC-4E18-8C6D-D54D1D16191C}.Debug|Any CPU.ActiveCfg = Debug|Any CPU
		{B7F84084-0BBC-4E18-8C6D-D54D1D16191C}.Debug|Any CPU.Build.0 = Debug|Any CPU
		{B7F84084-0BBC-4E18-8C6D-D54D1D16191C}.Release|Any CPU.ActiveCfg = Release|Any CPU
		{B7F84084-0BBC-4E18-8C6D-D54D1D16191C}.Release|Any CPU.Build.0 = Release|Any CPU
		{146975FC-416D-49BF-BE1D-712E847C4BD8}.Debug|Any CPU.ActiveCfg = Debug|Any CPU
		{146975FC-416D-49BF-BE1D-712E847C4BD8}.Debug|Any CPU.Build.0 = Debug|Any CPU
		{146975FC-416D-49BF-BE1D-712E847C4BD8}.Release|Any CPU.ActiveCfg = Release|Any CPU
		{146975FC-416D-49BF-BE1D-712E847C4BD8}.Release|Any CPU.Build.0 = Release|Any CPU
		{795CF2D5-CF9D-4D03-89B4-27137CEF5004}.Debug|Any CPU.ActiveCfg = Debug|Any CPU
		{795CF2D5-CF9D-4D03-89B4-27137CEF5004}.Debug|Any CPU.Build.0 = Debug|Any CPU
		{795CF2D5-CF9D-4D03-89B4-27137CEF5004}.Release|Any CPU.ActiveCfg = Release|Any CPU
		{795CF2D5-CF9D-4D03-89B4-27137CEF5004}.Release|Any CPU.Build.0 = Release|Any CPU
		{85830936-88D9-4D7A-B6D1-2F47993BC962}.Debug|Any CPU.ActiveCfg = Debug|Any CPU
		{85830936-88D9-4D7A-B6D1-2F47993BC962}.Debug|Any CPU.Build.0 = Debug|Any CPU
		{85830936-88D9-4D7A-B6D1-2F47993BC962}.Release|Any CPU.ActiveCfg = Release|Any CPU
		{85830936-88D9-4D7A-B6D1-2F47993BC962}.Release|Any CPU.Build.0 = Release|Any CPU
		{BE03C23A-4FB9-4B87-A4F5-AFB02719D865}.Debug|Any CPU.ActiveCfg = Debug|Any CPU
		{BE03C23A-4FB9-4B87-A4F5-AFB02719D865}.Debug|Any CPU.Build.0 = Debug|Any CPU
		{BE03C23A-4FB9-4B87-A4F5-AFB02719D865}.Release|Any CPU.ActiveCfg = Release|Any CPU
		{BE03C23A-4FB9-4B87-A4F5-AFB02719D865}.Release|Any CPU.Build.0 = Release|Any CPU
	EndGlobalSection
	GlobalSection(SolutionProperties) = preSolution
		HideSolutionNode = FALSE
	EndGlobalSection
	GlobalSection(NestedProjects) = preSolution
		{7D9C36E3-ACA2-419F-A607-75AAA8A40AD3} = {DCA18392-8977-42E9-9612-67750CB4AA18}
		{69397172-0BC7-4381-8C45-8B84961CD6F5} = {DCA18392-8977-42E9-9612-67750CB4AA18}
		{2A58A329-EA19-424A-A61E-98A828D636BE} = {DCA18392-8977-42E9-9612-67750CB4AA18}
		{C04D3158-3549-4D19-9811-261FF95C5B20} = {488811B1-4B76-44C1-8008-78ABA17F8726}
		{B187C450-CA42-4560-85F7-7D9932D3F91E} = {488811B1-4B76-44C1-8008-78ABA17F8726}
		{CFEE864F-35A2-4924-9753-FE5DD257A302} = {488811B1-4B76-44C1-8008-78ABA17F8726}
		{6E3603FC-4C30-4A32-9F97-3BFB20DF571B} = {3F12D4BC-2046-4543-A44F-14C3713E1B26}
		{B7F84084-0BBC-4E18-8C6D-D54D1D16191C} = {3F12D4BC-2046-4543-A44F-14C3713E1B26}
		{146975FC-416D-49BF-BE1D-712E847C4BD8} = {3F12D4BC-2046-4543-A44F-14C3713E1B26}
		{795CF2D5-CF9D-4D03-89B4-27137CEF5004} = {3F12D4BC-2046-4543-A44F-14C3713E1B26}
		{85830936-88D9-4D7A-B6D1-2F47993BC962} = {3F12D4BC-2046-4543-A44F-14C3713E1B26}
		{BE03C23A-4FB9-4B87-A4F5-AFB02719D865} = {3F12D4BC-2046-4543-A44F-14C3713E1B26}
	EndGlobalSection
	GlobalSection(ExtensibilityGlobals) = postSolution
		SolutionGuid = {C9B43168-E985-468F-9C3D-EE7612BF1A7E}
	EndGlobalSection
EndGlobal
